
Microsoft Visual Studio Solution File, Format Version 12.00
# Visual Studio 15
VisualStudioVersion = 15.0.28307.1800
MinimumVisualStudioVersion = 10.0.40219.1
Project("{FAE04EC0-301F-11D3-BF4B-00C04F79EFBC}") = "B10-5", "B10-5\B10-5.csproj", "{57BE3BF9-4DDD-4C73-8F14-649EE4EB9C15}"
EndProject
Global
	GlobalSection(SolutionConfigurationPlatforms) = preSolution
		Debug|Any CPU = Debug|Any CPU
		Release|Any CPU = Release|Any CPU
	EndGlobalSection
	GlobalSection(ProjectConfigurationPlatforms) = postSolution
		{57BE3BF9-4DDD-4C73-8F14-649EE4EB9C15}.Debug|Any CPU.ActiveCfg = Debug|Any CPU
		{57BE3BF9-4DDD-4C73-8F14-649EE4EB9C15}.Debug|Any CPU.Build.0 = Debug|Any CPU
		{57BE3BF9-4DDD-4C73-8F14-649EE4EB9C15}.Release|Any CPU.ActiveCfg = Release|Any CPU
		{57BE3BF9-4DDD-4C73-8F14-649EE4EB9C15}.Release|Any CPU.Build.0 = Release|Any CPU
	EndGlobalSection
	GlobalSection(SolutionProperties) = preSolution
		HideSolutionNode = FALSE
	EndGlobalSection
	GlobalSection(ExtensibilityGlobals) = postSolution
		SolutionGuid = {D11D007F-4034-4289-8A0D-AB365C0FF0B0}
	EndGlobalSection
EndGlobal
