
Microsoft Visual Studio Solution File, Format Version 12.00
# Visual Studio 15
VisualStudioVersion = 15.0.28307.1800
MinimumVisualStudioVersion = 10.0.40219.1
Project("{FAE04EC0-301F-11D3-BF4B-00C04F79EFBC}") = "B26-4", "B26-4\B26-4.csproj", "{2A787CF1-E935-44B2-B3B0-B634E4E02EDA}"
EndProject
Global
	GlobalSection(SolutionConfigurationPlatforms) = preSolution
		Debug|Any CPU = Debug|Any CPU
		Release|Any CPU = Release|Any CPU
	EndGlobalSection
	GlobalSection(ProjectConfigurationPlatforms) = postSolution
		{2A787CF1-E935-44B2-B3B0-B634E4E02EDA}.Debug|Any CPU.ActiveCfg = Debug|Any CPU
		{2A787CF1-E935-44B2-B3B0-B634E4E02EDA}.Debug|Any CPU.Build.0 = Debug|Any CPU
		{2A787CF1-E935-44B2-B3B0-B634E4E02EDA}.Release|Any CPU.ActiveCfg = Release|Any CPU
		{2A787CF1-E935-44B2-B3B0-B634E4E02EDA}.Release|Any CPU.Build.0 = Release|Any CPU
	EndGlobalSection
	GlobalSection(SolutionProperties) = preSolution
		HideSolutionNode = FALSE
	EndGlobalSection
	GlobalSection(ExtensibilityGlobals) = postSolution
		SolutionGuid = {D54F272D-B0E1-4C49-A4FA-3B80280EBB3E}
	EndGlobalSection
EndGlobal
