
Microsoft Visual Studio Solution File, Format Version 12.00
# Visual Studio 15
VisualStudioVersion = 15.0.28307.1800
MinimumVisualStudioVersion = 10.0.40219.1
Project("{FAE04EC0-301F-11D3-BF4B-00C04F79EFBC}") = "B1", "BT2\B1.csproj", "{353AD936-B2ED-4018-815F-AEB816C39754}"
EndProject
Project("{FAE04EC0-301F-11D3-BF4B-00C04F79EFBC}") = "B2", "B2\B2.csproj", "{559EEDA9-93A4-4FA5-A80A-5D0D27268FE3}"
EndProject
Project("{FAE04EC0-301F-11D3-BF4B-00C04F79EFBC}") = "B3", "B3\B3.csproj", "{5B50FEE9-070D-4782-943D-4D156C16386F}"
EndProject
Project("{FAE04EC0-301F-11D3-BF4B-00C04F79EFBC}") = "B4", "B4\B4.csproj", "{D3A1EEC4-4378-4745-9E7B-FF2A4819BD68}"
EndProject
Project("{FAE04EC0-301F-11D3-BF4B-00C04F79EFBC}") = "B11", "B11\B11.csproj", "{D43E7461-320C-478F-85D6-947DB8777AFB}"
EndProject
Project("{FAE04EC0-301F-11D3-BF4B-00C04F79EFBC}") = "B12", "B12\B12.csproj", "{EA7A989A-BD0F-43B0-9D76-91BCFE02B1B5}"
EndProject
Project("{FAE04EC0-301F-11D3-BF4B-00C04F79EFBC}") = "B21", "B21\B21.csproj", "{D804A9D1-026E-4274-BD4D-2946D00509FD}"
EndProject
Project("{FAE04EC0-301F-11D3-BF4B-00C04F79EFBC}") = "B22", "B22\B22.csproj", "{09B32847-1E4A-4B0C-9843-A0B17018495C}"
EndProject
Project("{FAE04EC0-301F-11D3-BF4B-00C04F79EFBC}") = "B31", "B31\B31.csproj", "{66E85657-7003-4CBA-BA0C-8D3337A0550C}"
EndProject
Project("{FAE04EC0-301F-11D3-BF4B-00C04F79EFBC}") = "B33", "B33\B33.csproj", "{6765225F-DE10-40E5-9B58-69EDB4FE0679}"
EndProject
Global
	GlobalSection(SolutionConfigurationPlatforms) = preSolution
		Debug|Any CPU = Debug|Any CPU
		Release|Any CPU = Release|Any CPU
	EndGlobalSection
	GlobalSection(ProjectConfigurationPlatforms) = postSolution
		{353AD936-B2ED-4018-815F-AEB816C39754}.Debug|Any CPU.ActiveCfg = Debug|Any CPU
		{353AD936-B2ED-4018-815F-AEB816C39754}.Debug|Any CPU.Build.0 = Debug|Any CPU
		{353AD936-B2ED-4018-815F-AEB816C39754}.Release|Any CPU.ActiveCfg = Release|Any CPU
		{353AD936-B2ED-4018-815F-AEB816C39754}.Release|Any CPU.Build.0 = Release|Any CPU
		{559EEDA9-93A4-4FA5-A80A-5D0D27268FE3}.Debug|Any CPU.ActiveCfg = Debug|Any CPU
		{559EEDA9-93A4-4FA5-A80A-5D0D27268FE3}.Debug|Any CPU.Build.0 = Debug|Any CPU
		{559EEDA9-93A4-4FA5-A80A-5D0D27268FE3}.Release|Any CPU.ActiveCfg = Release|Any CPU
		{559EEDA9-93A4-4FA5-A80A-5D0D27268FE3}.Release|Any CPU.Build.0 = Release|Any CPU
		{5B50FEE9-070D-4782-943D-4D156C16386F}.Debug|Any CPU.ActiveCfg = Debug|Any CPU
		{5B50FEE9-070D-4782-943D-4D156C16386F}.Debug|Any CPU.Build.0 = Debug|Any CPU
		{5B50FEE9-070D-4782-943D-4D156C16386F}.Release|Any CPU.ActiveCfg = Release|Any CPU
		{5B50FEE9-070D-4782-943D-4D156C16386F}.Release|Any CPU.Build.0 = Release|Any CPU
		{D3A1EEC4-4378-4745-9E7B-FF2A4819BD68}.Debug|Any CPU.ActiveCfg = Debug|Any CPU
		{D3A1EEC4-4378-4745-9E7B-FF2A4819BD68}.Debug|Any CPU.Build.0 = Debug|Any CPU
		{D3A1EEC4-4378-4745-9E7B-FF2A4819BD68}.Release|Any CPU.ActiveCfg = Release|Any CPU
		{D3A1EEC4-4378-4745-9E7B-FF2A4819BD68}.Release|Any CPU.Build.0 = Release|Any CPU
		{D43E7461-320C-478F-85D6-947DB8777AFB}.Debug|Any CPU.ActiveCfg = Debug|Any CPU
		{D43E7461-320C-478F-85D6-947DB8777AFB}.Debug|Any CPU.Build.0 = Debug|Any CPU
		{D43E7461-320C-478F-85D6-947DB8777AFB}.Release|Any CPU.ActiveCfg = Release|Any CPU
		{D43E7461-320C-478F-85D6-947DB8777AFB}.Release|Any CPU.Build.0 = Release|Any CPU
		{EA7A989A-BD0F-43B0-9D76-91BCFE02B1B5}.Debug|Any CPU.ActiveCfg = Debug|Any CPU
		{EA7A989A-BD0F-43B0-9D76-91BCFE02B1B5}.Debug|Any CPU.Build.0 = Debug|Any CPU
		{EA7A989A-BD0F-43B0-9D76-91BCFE02B1B5}.Release|Any CPU.ActiveCfg = Release|Any CPU
		{EA7A989A-BD0F-43B0-9D76-91BCFE02B1B5}.Release|Any CPU.Build.0 = Release|Any CPU
		{D804A9D1-026E-4274-BD4D-2946D00509FD}.Debug|Any CPU.ActiveCfg = Debug|Any CPU
		{D804A9D1-026E-4274-BD4D-2946D00509FD}.Debug|Any CPU.Build.0 = Debug|Any CPU
		{D804A9D1-026E-4274-BD4D-2946D00509FD}.Release|Any CPU.ActiveCfg = Release|Any CPU
		{D804A9D1-026E-4274-BD4D-2946D00509FD}.Release|Any CPU.Build.0 = Release|Any CPU
		{09B32847-1E4A-4B0C-9843-A0B17018495C}.Debug|Any CPU.ActiveCfg = Debug|Any CPU
		{09B32847-1E4A-4B0C-9843-A0B17018495C}.Debug|Any CPU.Build.0 = Debug|Any CPU
		{09B32847-1E4A-4B0C-9843-A0B17018495C}.Release|Any CPU.ActiveCfg = Release|Any CPU
		{09B32847-1E4A-4B0C-9843-A0B17018495C}.Release|Any CPU.Build.0 = Release|Any CPU
		{66E85657-7003-4CBA-BA0C-8D3337A0550C}.Debug|Any CPU.ActiveCfg = Debug|Any CPU
		{66E85657-7003-4CBA-BA0C-8D3337A0550C}.Debug|Any CPU.Build.0 = Debug|Any CPU
		{66E85657-7003-4CBA-BA0C-8D3337A0550C}.Release|Any CPU.ActiveCfg = Release|Any CPU
		{66E85657-7003-4CBA-BA0C-8D3337A0550C}.Release|Any CPU.Build.0 = Release|Any CPU
		{6765225F-DE10-40E5-9B58-69EDB4FE0679}.Debug|Any CPU.ActiveCfg = Debug|Any CPU
		{6765225F-DE10-40E5-9B58-69EDB4FE0679}.Debug|Any CPU.Build.0 = Debug|Any CPU
		{6765225F-DE10-40E5-9B58-69EDB4FE0679}.Release|Any CPU.ActiveCfg = Release|Any CPU
		{6765225F-DE10-40E5-9B58-69EDB4FE0679}.Release|Any CPU.Build.0 = Release|Any CPU
	EndGlobalSection
	GlobalSection(SolutionProperties) = preSolution
		HideSolutionNode = FALSE
	EndGlobalSection
	GlobalSection(ExtensibilityGlobals) = postSolution
		SolutionGuid = {56E0BD81-87C1-4F7A-B8D9-249D97DC076C}
	EndGlobalSection
EndGlobal
